// !$*UTF8*$!
{
	archiveVersion = 1;
	classes = {
	};
	objectVersion = 50;
	objects = {

/* Begin PBXBuildFile section */
		DC17384724033AE7007781EE /* Logger.swift in Sources */ = {isa = PBXBuildFile; fileRef = DC17384624033AE7007781EE /* Logger.swift */; };
		DC17384F2403430E007781EE /* Author.swift in Sources */ = {isa = PBXBuildFile; fileRef = DC1738492403430E007781EE /* Author.swift */; };
		DC1738502403430E007781EE /* Feed.swift in Sources */ = {isa = PBXBuildFile; fileRef = DC17384A2403430E007781EE /* Feed.swift */; };
		DC1738532403430E007781EE /* Results.swift in Sources */ = {isa = PBXBuildFile; fileRef = DC17384D2403430E007781EE /* Results.swift */; };
		DC1738542403430E007781EE /* Genres.swift in Sources */ = {isa = PBXBuildFile; fileRef = DC17384E2403430E007781EE /* Genres.swift */; };
		DC17385624034559007781EE /* FeedResponse.swift in Sources */ = {isa = PBXBuildFile; fileRef = DC17385524034559007781EE /* FeedResponse.swift */; };
		DCFC35EC240334FA0009F28F /* AppDelegate.swift in Sources */ = {isa = PBXBuildFile; fileRef = DCFC35EB240334FA0009F28F /* AppDelegate.swift */; };
		DCFC35EE240334FA0009F28F /* SceneDelegate.swift in Sources */ = {isa = PBXBuildFile; fileRef = DCFC35ED240334FA0009F28F /* SceneDelegate.swift */; };
		DCFC35F0240334FA0009F28F /* ViewController.swift in Sources */ = {isa = PBXBuildFile; fileRef = DCFC35EF240334FA0009F28F /* ViewController.swift */; };
		DCFC35F3240334FA0009F28F /* Main.storyboard in Resources */ = {isa = PBXBuildFile; fileRef = DCFC35F1240334FA0009F28F /* Main.storyboard */; };
		DCFC35F5240334FC0009F28F /* Assets.xcassets in Resources */ = {isa = PBXBuildFile; fileRef = DCFC35F4240334FC0009F28F /* Assets.xcassets */; };
		DCFC35F8240334FC0009F28F /* LaunchScreen.storyboard in Resources */ = {isa = PBXBuildFile; fileRef = DCFC35F6240334FC0009F28F /* LaunchScreen.storyboard */; };
		DCFC3603240334FC0009F28F /* rssTests.swift in Sources */ = {isa = PBXBuildFile; fileRef = DCFC3602240334FC0009F28F /* rssTests.swift */; };
		DCFC360E240334FC0009F28F /* rssUITests.swift in Sources */ = {isa = PBXBuildFile; fileRef = DCFC360D240334FC0009F28F /* rssUITests.swift */; };
/* End PBXBuildFile section */

/* Begin PBXContainerItemProxy section */
		DCFC35FF240334FC0009F28F /* PBXContainerItemProxy */ = {
			isa = PBXContainerItemProxy;
			containerPortal = DCFC35E0240334FA0009F28F /* Project object */;
			proxyType = 1;
			remoteGlobalIDString = DCFC35E7240334FA0009F28F;
			remoteInfo = rss;
		};
		DCFC360A240334FC0009F28F /* PBXContainerItemProxy */ = {
			isa = PBXContainerItemProxy;
			containerPortal = DCFC35E0240334FA0009F28F /* Project object */;
			proxyType = 1;
			remoteGlobalIDString = DCFC35E7240334FA0009F28F;
			remoteInfo = rss;
		};
/* End PBXContainerItemProxy section */

/* Begin PBXFileReference section */
		DC17384624033AE7007781EE /* Logger.swift */ = {isa = PBXFileReference; lastKnownFileType = sourcecode.swift; path = Logger.swift; sourceTree = "<group>"; };
		DC1738492403430E007781EE /* Author.swift */ = {isa = PBXFileReference; fileEncoding = 4; lastKnownFileType = sourcecode.swift; path = Author.swift; sourceTree = "<group>"; };
		DC17384A2403430E007781EE /* Feed.swift */ = {isa = PBXFileReference; fileEncoding = 4; lastKnownFileType = sourcecode.swift; path = Feed.swift; sourceTree = "<group>"; };
		DC17384D2403430E007781EE /* Results.swift */ = {isa = PBXFileReference; fileEncoding = 4; lastKnownFileType = sourcecode.swift; path = Results.swift; sourceTree = "<group>"; };
		DC17384E2403430E007781EE /* Genres.swift */ = {isa = PBXFileReference; fileEncoding = 4; lastKnownFileType = sourcecode.swift; path = Genres.swift; sourceTree = "<group>"; };
		DC17385524034559007781EE /* FeedResponse.swift */ = {isa = PBXFileReference; fileEncoding = 4; lastKnownFileType = sourcecode.swift; path = FeedResponse.swift; sourceTree = "<group>"; };
		DCFC35E8240334FA0009F28F /* rss.app */ = {isa = PBXFileReference; explicitFileType = wrapper.application; includeInIndex = 0; path = rss.app; sourceTree = BUILT_PRODUCTS_DIR; };
		DCFC35EB240334FA0009F28F /* AppDelegate.swift */ = {isa = PBXFileReference; lastKnownFileType = sourcecode.swift; path = AppDelegate.swift; sourceTree = "<group>"; };
		DCFC35ED240334FA0009F28F /* SceneDelegate.swift */ = {isa = PBXFileReference; lastKnownFileType = sourcecode.swift; path = SceneDelegate.swift; sourceTree = "<group>"; };
		DCFC35EF240334FA0009F28F /* ViewController.swift */ = {isa = PBXFileReference; lastKnownFileType = sourcecode.swift; path = ViewController.swift; sourceTree = "<group>"; };
		DCFC35F2240334FA0009F28F /* Base */ = {isa = PBXFileReference; lastKnownFileType = file.storyboard; name = Base; path = Base.lproj/Main.storyboard; sourceTree = "<group>"; };
		DCFC35F4240334FC0009F28F /* Assets.xcassets */ = {isa = PBXFileReference; lastKnownFileType = folder.assetcatalog; path = Assets.xcassets; sourceTree = "<group>"; };
		DCFC35F7240334FC0009F28F /* Base */ = {isa = PBXFileReference; lastKnownFileType = file.storyboard; name = Base; path = Base.lproj/LaunchScreen.storyboard; sourceTree = "<group>"; };
		DCFC35F9240334FC0009F28F /* Info.plist */ = {isa = PBXFileReference; lastKnownFileType = text.plist.xml; path = Info.plist; sourceTree = "<group>"; };
		DCFC35FE240334FC0009F28F /* rssTests.xctest */ = {isa = PBXFileReference; explicitFileType = wrapper.cfbundle; includeInIndex = 0; path = rssTests.xctest; sourceTree = BUILT_PRODUCTS_DIR; };
		DCFC3602240334FC0009F28F /* rssTests.swift */ = {isa = PBXFileReference; lastKnownFileType = sourcecode.swift; path = rssTests.swift; sourceTree = "<group>"; };
		DCFC3604240334FC0009F28F /* Info.plist */ = {isa = PBXFileReference; lastKnownFileType = text.plist.xml; path = Info.plist; sourceTree = "<group>"; };
		DCFC3609240334FC0009F28F /* rssUITests.xctest */ = {isa = PBXFileReference; explicitFileType = wrapper.cfbundle; includeInIndex = 0; path = rssUITests.xctest; sourceTree = BUILT_PRODUCTS_DIR; };
		DCFC360D240334FC0009F28F /* rssUITests.swift */ = {isa = PBXFileReference; lastKnownFileType = sourcecode.swift; path = rssUITests.swift; sourceTree = "<group>"; };
		DCFC360F240334FC0009F28F /* Info.plist */ = {isa = PBXFileReference; lastKnownFileType = text.plist.xml; path = Info.plist; sourceTree = "<group>"; };
/* End PBXFileReference section */

/* Begin PBXFrameworksBuildPhase section */
		DCFC35E5240334FA0009F28F /* Frameworks */ = {
			isa = PBXFrameworksBuildPhase;
			buildActionMask = 2147483647;
			files = (
			);
			runOnlyForDeploymentPostprocessing = 0;
		};
		DCFC35FB240334FC0009F28F /* Frameworks */ = {
			isa = PBXFrameworksBuildPhase;
			buildActionMask = 2147483647;
			files = (
			);
			runOnlyForDeploymentPostprocessing = 0;
		};
		DCFC3606240334FC0009F28F /* Frameworks */ = {
			isa = PBXFrameworksBuildPhase;
			buildActionMask = 2147483647;
			files = (
			);
			runOnlyForDeploymentPostprocessing = 0;
		};
/* End PBXFrameworksBuildPhase section */

/* Begin PBXGroup section */
		DC173840240337AE007781EE /* View */ = {
			isa = PBXGroup;
			children = (
			);
			path = View;
			sourceTree = "<group>";
		};
		DC173841240337B6007781EE /* ViewModel */ = {
			isa = PBXGroup;
			children = (
			);
			path = ViewModel;
			sourceTree = "<group>";
		};
		DC173842240337BD007781EE /* Model */ = {
			isa = PBXGroup;
			children = (
				DC1738492403430E007781EE /* Author.swift */,
				DC17384A2403430E007781EE /* Feed.swift */,
				DC17385524034559007781EE /* FeedResponse.swift */,
				DC17384E2403430E007781EE /* Genres.swift */,
				DC17384D2403430E007781EE /* Results.swift */,
			);
			path = Model;
			sourceTree = "<group>";
		};
		DC173843240338AF007781EE /* Client */ = {
			isa = PBXGroup;
			children = (
			);
			path = Client;
			sourceTree = "<group>";
		};
		DC173844240338C0007781EE /* Extensions */ = {
			isa = PBXGroup;
			children = (
			);
			path = Extensions;
			sourceTree = "<group>";
		};
		DC17384524033A81007781EE /* Utilities */ = {
			isa = PBXGroup;
			children = (
				DC17384624033AE7007781EE /* Logger.swift */,
			);
			path = Utilities;
			sourceTree = "<group>";
		};
		DCFC35DF240334FA0009F28F = {
			isa = PBXGroup;
			children = (
				DCFC35EA240334FA0009F28F /* rss */,
				DCFC3601240334FC0009F28F /* rssTests */,
				DCFC360C240334FC0009F28F /* rssUITests */,
				DCFC35E9240334FA0009F28F /* Products */,
			);
			sourceTree = "<group>";
		};
		DCFC35E9240334FA0009F28F /* Products */ = {
			isa = PBXGroup;
			children = (
				DCFC35E8240334FA0009F28F /* rss.app */,
				DCFC35FE240334FC0009F28F /* rssTests.xctest */,
				DCFC3609240334FC0009F28F /* rssUITests.xctest */,
			);
			name = Products;
			sourceTree = "<group>";
		};
		DCFC35EA240334FA0009F28F /* rss */ = {
			isa = PBXGroup;
			children = (
				DC173843240338AF007781EE /* Client */,
				DC173844240338C0007781EE /* Extensions */,
				DC173842240337BD007781EE /* Model */,
				DC17384524033A81007781EE /* Utilities */,
				DC173840240337AE007781EE /* View */,
				DC173841240337B6007781EE /* ViewModel */,
				DCFC35EB240334FA0009F28F /* AppDelegate.swift */,
				DCFC35ED240334FA0009F28F /* SceneDelegate.swift */,
				DCFC35EF240334FA0009F28F /* ViewController.swift */,
				DCFC35F1240334FA0009F28F /* Main.storyboard */,
				DCFC35F4240334FC0009F28F /* Assets.xcassets */,
				DCFC35F6240334FC0009F28F /* LaunchScreen.storyboard */,
				DCFC35F9240334FC0009F28F /* Info.plist */,
			);
			path = rss;
			sourceTree = "<group>";
		};
		DCFC3601240334FC0009F28F /* rssTests */ = {
			isa = PBXGroup;
			children = (
				DCFC3602240334FC0009F28F /* rssTests.swift */,
				DCFC3604240334FC0009F28F /* Info.plist */,
			);
			path = rssTests;
			sourceTree = "<group>";
		};
		DCFC360C240334FC0009F28F /* rssUITests */ = {
			isa = PBXGroup;
			children = (
				DCFC360D240334FC0009F28F /* rssUITests.swift */,
				DCFC360F240334FC0009F28F /* Info.plist */,
			);
			path = rssUITests;
			sourceTree = "<group>";
		};
/* End PBXGroup section */

/* Begin PBXNativeTarget section */
		DCFC35E7240334FA0009F28F /* rss */ = {
			isa = PBXNativeTarget;
			buildConfigurationList = DCFC3612240334FC0009F28F /* Build configuration list for PBXNativeTarget "rss" */;
			buildPhases = (
				DC17384824033CE4007781EE /* Swiftlint */,
				DCFC35E4240334FA0009F28F /* Sources */,
				DCFC35E5240334FA0009F28F /* Frameworks */,
				DCFC35E6240334FA0009F28F /* Resources */,
			);
			buildRules = (
			);
			dependencies = (
			);
			name = rss;
			productName = rss;
			productReference = DCFC35E8240334FA0009F28F /* rss.app */;
			productType = "com.apple.product-type.application";
		};
		DCFC35FD240334FC0009F28F /* rssTests */ = {
			isa = PBXNativeTarget;
			buildConfigurationList = DCFC3615240334FC0009F28F /* Build configuration list for PBXNativeTarget "rssTests" */;
			buildPhases = (
				DCFC35FA240334FC0009F28F /* Sources */,
				DCFC35FB240334FC0009F28F /* Frameworks */,
				DCFC35FC240334FC0009F28F /* Resources */,
			);
			buildRules = (
			);
			dependencies = (
				DCFC3600240334FC0009F28F /* PBXTargetDependency */,
			);
			name = rssTests;
			productName = rssTests;
			productReference = DCFC35FE240334FC0009F28F /* rssTests.xctest */;
			productType = "com.apple.product-type.bundle.unit-test";
		};
		DCFC3608240334FC0009F28F /* rssUITests */ = {
			isa = PBXNativeTarget;
			buildConfigurationList = DCFC3618240334FC0009F28F /* Build configuration list for PBXNativeTarget "rssUITests" */;
			buildPhases = (
				DCFC3605240334FC0009F28F /* Sources */,
				DCFC3606240334FC0009F28F /* Frameworks */,
				DCFC3607240334FC0009F28F /* Resources */,
			);
			buildRules = (
			);
			dependencies = (
				DCFC360B240334FC0009F28F /* PBXTargetDependency */,
			);
			name = rssUITests;
			productName = rssUITests;
			productReference = DCFC3609240334FC0009F28F /* rssUITests.xctest */;
			productType = "com.apple.product-type.bundle.ui-testing";
		};
/* End PBXNativeTarget section */

/* Begin PBXProject section */
		DCFC35E0240334FA0009F28F /* Project object */ = {
			isa = PBXProject;
			attributes = {
				LastSwiftUpdateCheck = 1130;
				LastUpgradeCheck = 1130;
				ORGANIZATIONNAME = "Objective Swift Inc";
				TargetAttributes = {
					DCFC35E7240334FA0009F28F = {
						CreatedOnToolsVersion = 11.3.1;
					};
					DCFC35FD240334FC0009F28F = {
						CreatedOnToolsVersion = 11.3.1;
						TestTargetID = DCFC35E7240334FA0009F28F;
					};
					DCFC3608240334FC0009F28F = {
						CreatedOnToolsVersion = 11.3.1;
						TestTargetID = DCFC35E7240334FA0009F28F;
					};
				};
			};
			buildConfigurationList = DCFC35E3240334FA0009F28F /* Build configuration list for PBXProject "rss" */;
			compatibilityVersion = "Xcode 9.3";
			developmentRegion = en;
			hasScannedForEncodings = 0;
			knownRegions = (
				en,
				Base,
			);
			mainGroup = DCFC35DF240334FA0009F28F;
			productRefGroup = DCFC35E9240334FA0009F28F /* Products */;
			projectDirPath = "";
			projectRoot = "";
			targets = (
				DCFC35E7240334FA0009F28F /* rss */,
				DCFC35FD240334FC0009F28F /* rssTests */,
				DCFC3608240334FC0009F28F /* rssUITests */,
			);
		};
/* End PBXProject section */

/* Begin PBXResourcesBuildPhase section */
		DCFC35E6240334FA0009F28F /* Resources */ = {
			isa = PBXResourcesBuildPhase;
			buildActionMask = 2147483647;
			files = (
				DCFC35F8240334FC0009F28F /* LaunchScreen.storyboard in Resources */,
				DCFC35F5240334FC0009F28F /* Assets.xcassets in Resources */,
				DCFC35F3240334FA0009F28F /* Main.storyboard in Resources */,
			);
			runOnlyForDeploymentPostprocessing = 0;
		};
		DCFC35FC240334FC0009F28F /* Resources */ = {
			isa = PBXResourcesBuildPhase;
			buildActionMask = 2147483647;
			files = (
			);
			runOnlyForDeploymentPostprocessing = 0;
		};
		DCFC3607240334FC0009F28F /* Resources */ = {
			isa = PBXResourcesBuildPhase;
			buildActionMask = 2147483647;
			files = (
			);
			runOnlyForDeploymentPostprocessing = 0;
		};
/* End PBXResourcesBuildPhase section */

/* Begin PBXShellScriptBuildPhase section */
		DC17384824033CE4007781EE /* Swiftlint */ = {
			isa = PBXShellScriptBuildPhase;
			buildActionMask = 2147483647;
			files = (
			);
			inputFileListPaths = (
			);
			inputPaths = (
			);
			name = Swiftlint;
			outputFileListPaths = (
			);
			outputPaths = (
			);
			runOnlyForDeploymentPostprocessing = 0;
			shellPath = /bin/sh;
			shellScript = "if which swiftlint >/dev/null; then\n  swiftlint\nelse\n  echo \"warning: SwiftLint not installed, download from https://github.com/realm/SwiftLint\"\nfi\n";
		};
/* End PBXShellScriptBuildPhase section */

/* Begin PBXSourcesBuildPhase section */
		DCFC35E4240334FA0009F28F /* Sources */ = {
			isa = PBXSourcesBuildPhase;
			buildActionMask = 2147483647;
			files = (
				DCFC35F0240334FA0009F28F /* ViewController.swift in Sources */,
				DC1738542403430E007781EE /* Genres.swift in Sources */,
				DC1738502403430E007781EE /* Feed.swift in Sources */,
				DCFC35EC240334FA0009F28F /* AppDelegate.swift in Sources */,
				DCFC35EE240334FA0009F28F /* SceneDelegate.swift in Sources */,
				DC17384724033AE7007781EE /* Logger.swift in Sources */,
				DC1738532403430E007781EE /* Results.swift in Sources */,
				DC17385624034559007781EE /* FeedResponse.swift in Sources */,
				DC17384F2403430E007781EE /* Author.swift in Sources */,
			);
			runOnlyForDeploymentPostprocessing = 0;
		};
		DCFC35FA240334FC0009F28F /* Sources */ = {
			isa = PBXSourcesBuildPhase;
			buildActionMask = 2147483647;
			files = (
				DCFC3603240334FC0009F28F /* rssTests.swift in Sources */,
			);
			runOnlyForDeploymentPostprocessing = 0;
		};
		DCFC3605240334FC0009F28F /* Sources */ = {
			isa = PBXSourcesBuildPhase;
			buildActionMask = 2147483647;
			files = (
				DCFC360E240334FC0009F28F /* rssUITests.swift in Sources */,
			);
			runOnlyForDeploymentPostprocessing = 0;
		};
/* End PBXSourcesBuildPhase section */

/* Begin PBXTargetDependency section */
		DCFC3600240334FC0009F28F /* PBXTargetDependency */ = {
			isa = PBXTargetDependency;
			target = DCFC35E7240334FA0009F28F /* rss */;
			targetProxy = DCFC35FF240334FC0009F28F /* PBXContainerItemProxy */;
		};
		DCFC360B240334FC0009F28F /* PBXTargetDependency */ = {
			isa = PBXTargetDependency;
			target = DCFC35E7240334FA0009F28F /* rss */;
			targetProxy = DCFC360A240334FC0009F28F /* PBXContainerItemProxy */;
		};
/* End PBXTargetDependency section */

/* Begin PBXVariantGroup section */
		DCFC35F1240334FA0009F28F /* Main.storyboard */ = {
			isa = PBXVariantGroup;
			children = (
				DCFC35F2240334FA0009F28F /* Base */,
			);
			name = Main.storyboard;
			sourceTree = "<group>";
		};
		DCFC35F6240334FC0009F28F /* LaunchScreen.storyboard */ = {
			isa = PBXVariantGroup;
			children = (
				DCFC35F7240334FC0009F28F /* Base */,
			);
			name = LaunchScreen.storyboard;
			sourceTree = "<group>";
		};
/* End PBXVariantGroup section */

/* Begin XCBuildConfiguration section */
		DCFC3610240334FC0009F28F /* Debug */ = {
			isa = XCBuildConfiguration;
			buildSettings = {
				ALWAYS_SEARCH_USER_PATHS = NO;
				CLANG_ANALYZER_NONNULL = YES;
				CLANG_ANALYZER_NUMBER_OBJECT_CONVERSION = YES_AGGRESSIVE;
				CLANG_CXX_LANGUAGE_STANDARD = "gnu++14";
				CLANG_CXX_LIBRARY = "libc++";
				CLANG_ENABLE_MODULES = YES;
				CLANG_ENABLE_OBJC_ARC = YES;
				CLANG_ENABLE_OBJC_WEAK = YES;
				CLANG_WARN_BLOCK_CAPTURE_AUTORELEASING = YES;
				CLANG_WARN_BOOL_CONVERSION = YES;
				CLANG_WARN_COMMA = YES;
				CLANG_WARN_CONSTANT_CONVERSION = YES;
				CLANG_WARN_DEPRECATED_OBJC_IMPLEMENTATIONS = YES;
				CLANG_WARN_DIRECT_OBJC_ISA_USAGE = YES_ERROR;
				CLANG_WARN_DOCUMENTATION_COMMENTS = YES;
				CLANG_WARN_EMPTY_BODY = YES;
				CLANG_WARN_ENUM_CONVERSION = YES;
				CLANG_WARN_INFINITE_RECURSION = YES;
				CLANG_WARN_INT_CONVERSION = YES;
				CLANG_WARN_NON_LITERAL_NULL_CONVERSION = YES;
				CLANG_WARN_OBJC_IMPLICIT_RETAIN_SELF = YES;
				CLANG_WARN_OBJC_LITERAL_CONVERSION = YES;
				CLANG_WARN_OBJC_ROOT_CLASS = YES_ERROR;
				CLANG_WARN_RANGE_LOOP_ANALYSIS = YES;
				CLANG_WARN_STRICT_PROTOTYPES = YES;
				CLANG_WARN_SUSPICIOUS_MOVE = YES;
				CLANG_WARN_UNGUARDED_AVAILABILITY = YES_AGGRESSIVE;
				CLANG_WARN_UNREACHABLE_CODE = YES;
				CLANG_WARN__DUPLICATE_METHOD_MATCH = YES;
				COPY_PHASE_STRIP = NO;
				DEBUG_INFORMATION_FORMAT = dwarf;
				ENABLE_STRICT_OBJC_MSGSEND = YES;
				ENABLE_TESTABILITY = YES;
				GCC_C_LANGUAGE_STANDARD = gnu11;
				GCC_DYNAMIC_NO_PIC = NO;
				GCC_NO_COMMON_BLOCKS = YES;
				GCC_OPTIMIZATION_LEVEL = 0;
				GCC_PREPROCESSOR_DEFINITIONS = (
					"DEBUG=1",
					"$(inherited)",
				);
				GCC_WARN_64_TO_32_BIT_CONVERSION = YES;
				GCC_WARN_ABOUT_RETURN_TYPE = YES_ERROR;
				GCC_WARN_UNDECLARED_SELECTOR = YES;
				GCC_WARN_UNINITIALIZED_AUTOS = YES_AGGRESSIVE;
				GCC_WARN_UNUSED_FUNCTION = YES;
				GCC_WARN_UNUSED_VARIABLE = YES;
				IPHONEOS_DEPLOYMENT_TARGET = 13.2;
				MTL_ENABLE_DEBUG_INFO = INCLUDE_SOURCE;
				MTL_FAST_MATH = YES;
				ONLY_ACTIVE_ARCH = YES;
				SDKROOT = iphoneos;
				SWIFT_ACTIVE_COMPILATION_CONDITIONS = DEBUG;
				SWIFT_OPTIMIZATION_LEVEL = "-Onone";
			};
			name = Debug;
		};
		DCFC3611240334FC0009F28F /* Release */ = {
			isa = XCBuildConfiguration;
			buildSettings = {
				ALWAYS_SEARCH_USER_PATHS = NO;
				CLANG_ANALYZER_NONNULL = YES;
				CLANG_ANALYZER_NUMBER_OBJECT_CONVERSION = YES_AGGRESSIVE;
				CLANG_CXX_LANGUAGE_STANDARD = "gnu++14";
				CLANG_CXX_LIBRARY = "libc++";
				CLANG_ENABLE_MODULES = YES;
				CLANG_ENABLE_OBJC_ARC = YES;
				CLANG_ENABLE_OBJC_WEAK = YES;
				CLANG_WARN_BLOCK_CAPTURE_AUTORELEASING = YES;
				CLANG_WARN_BOOL_CONVERSION = YES;
				CLANG_WARN_COMMA = YES;
				CLANG_WARN_CONSTANT_CONVERSION = YES;
				CLANG_WARN_DEPRECATED_OBJC_IMPLEMENTATIONS = YES;
				CLANG_WARN_DIRECT_OBJC_ISA_USAGE = YES_ERROR;
				CLANG_WARN_DOCUMENTATION_COMMENTS = YES;
				CLANG_WARN_EMPTY_BODY = YES;
				CLANG_WARN_ENUM_CONVERSION = YES;
				CLANG_WARN_INFINITE_RECURSION = YES;
				CLANG_WARN_INT_CONVERSION = YES;
				CLANG_WARN_NON_LITERAL_NULL_CONVERSION = YES;
				CLANG_WARN_OBJC_IMPLICIT_RETAIN_SELF = YES;
				CLANG_WARN_OBJC_LITERAL_CONVERSION = YES;
				CLANG_WARN_OBJC_ROOT_CLASS = YES_ERROR;
				CLANG_WARN_RANGE_LOOP_ANALYSIS = YES;
				CLANG_WARN_STRICT_PROTOTYPES = YES;
				CLANG_WARN_SUSPICIOUS_MOVE = YES;
				CLANG_WARN_UNGUARDED_AVAILABILITY = YES_AGGRESSIVE;
				CLANG_WARN_UNREACHABLE_CODE = YES;
				CLANG_WARN__DUPLICATE_METHOD_MATCH = YES;
				COPY_PHASE_STRIP = NO;
				DEBUG_INFORMATION_FORMAT = "dwarf-with-dsym";
				ENABLE_NS_ASSERTIONS = NO;
				ENABLE_STRICT_OBJC_MSGSEND = YES;
				GCC_C_LANGUAGE_STANDARD = gnu11;
				GCC_NO_COMMON_BLOCKS = YES;
				GCC_WARN_64_TO_32_BIT_CONVERSION = YES;
				GCC_WARN_ABOUT_RETURN_TYPE = YES_ERROR;
				GCC_WARN_UNDECLARED_SELECTOR = YES;
				GCC_WARN_UNINITIALIZED_AUTOS = YES_AGGRESSIVE;
				GCC_WARN_UNUSED_FUNCTION = YES;
				GCC_WARN_UNUSED_VARIABLE = YES;
				IPHONEOS_DEPLOYMENT_TARGET = 13.2;
				MTL_ENABLE_DEBUG_INFO = NO;
				MTL_FAST_MATH = YES;
				SDKROOT = iphoneos;
				SWIFT_COMPILATION_MODE = wholemodule;
				SWIFT_OPTIMIZATION_LEVEL = "-O";
				VALIDATE_PRODUCT = YES;
			};
			name = Release;
		};
		DCFC3613240334FC0009F28F /* Debug */ = {
			isa = XCBuildConfiguration;
			buildSettings = {
				ASSETCATALOG_COMPILER_APPICON_NAME = AppIcon;
				CODE_SIGN_STYLE = Automatic;
				DEVELOPMENT_TEAM = 6TD9RZLV7L;
				INFOPLIST_FILE = rss/Info.plist;
				IPHONEOS_DEPLOYMENT_TARGET = 13.0;
				LD_RUNPATH_SEARCH_PATHS = (
					"$(inherited)",
					"@executable_path/Frameworks",
				);
				PRODUCT_BUNDLE_IDENTIFIER = com.objectiveswiftinc.rss;
				PRODUCT_NAME = "$(TARGET_NAME)";
				SWIFT_VERSION = 5.0;
				TARGETED_DEVICE_FAMILY = "1,2";
			};
			name = Debug;
		};
		DCFC3614240334FC0009F28F /* Release */ = {
			isa = XCBuildConfiguration;
			buildSettings = {
				ASSETCATALOG_COMPILER_APPICON_NAME = AppIcon;
				CODE_SIGN_STYLE = Automatic;
				DEVELOPMENT_TEAM = 6TD9RZLV7L;
				INFOPLIST_FILE = rss/Info.plist;
				IPHONEOS_DEPLOYMENT_TARGET = 13.0;
				LD_RUNPATH_SEARCH_PATHS = (
					"$(inherited)",
					"@executable_path/Frameworks",
				);
				PRODUCT_BUNDLE_IDENTIFIER = com.objectiveswiftinc.rss;
				PRODUCT_NAME = "$(TARGET_NAME)";
				SWIFT_VERSION = 5.0;
				TARGETED_DEVICE_FAMILY = "1,2";
			};
			name = Release;
		};
		DCFC3616240334FC0009F28F /* Debug */ = {
			isa = XCBuildConfiguration;
			buildSettings = {
				ALWAYS_EMBED_SWIFT_STANDARD_LIBRARIES = YES;
				BUNDLE_LOADER = "$(TEST_HOST)";
				CODE_SIGN_STYLE = Automatic;
				DEVELOPMENT_TEAM = 6TD9RZLV7L;
				INFOPLIST_FILE = rssTests/Info.plist;
				IPHONEOS_DEPLOYMENT_TARGET = 13.2;
				LD_RUNPATH_SEARCH_PATHS = (
					"$(inherited)",
					"@executable_path/Frameworks",
					"@loader_path/Frameworks",
				);
				PRODUCT_BUNDLE_IDENTIFIER = com.objectiveswiftinc.rssTests;
				PRODUCT_NAME = "$(TARGET_NAME)";
				SWIFT_VERSION = 5.0;
				TARGETED_DEVICE_FAMILY = "1,2";
				TEST_HOST = "$(BUILT_PRODUCTS_DIR)/rss.app/rss";
			};
			name = Debug;
		};
		DCFC3617240334FC0009F28F /* Release */ = {
			isa = XCBuildConfiguration;
			buildSettings = {
				ALWAYS_EMBED_SWIFT_STANDARD_LIBRARIES = YES;
				BUNDLE_LOADER = "$(TEST_HOST)";
				CODE_SIGN_STYLE = Automatic;
				DEVELOPMENT_TEAM = 6TD9RZLV7L;
				INFOPLIST_FILE = rssTests/Info.plist;
				IPHONEOS_DEPLOYMENT_TARGET = 13.2;
				LD_RUNPATH_SEARCH_PATHS = (
					"$(inherited)",
					"@executable_path/Frameworks",
					"@loader_path/Frameworks",
				);
				PRODUCT_BUNDLE_IDENTIFIER = com.objectiveswiftinc.rssTests;
				PRODUCT_NAME = "$(TARGET_NAME)";
				SWIFT_VERSION = 5.0;
				TARGETED_DEVICE_FAMILY = "1,2";
				TEST_HOST = "$(BUILT_PRODUCTS_DIR)/rss.app/rss";
			};
			name = Release;
		};
		DCFC3619240334FC0009F28F /* Debug */ = {
			isa = XCBuildConfiguration;
			buildSettings = {
				ALWAYS_EMBED_SWIFT_STANDARD_LIBRARIES = YES;
				CODE_SIGN_STYLE = Automatic;
				DEVELOPMENT_TEAM = 6TD9RZLV7L;
				INFOPLIST_FILE = rssUITests/Info.plist;
				LD_RUNPATH_SEARCH_PATHS = (
					"$(inherited)",
					"@executable_path/Frameworks",
					"@loader_path/Frameworks",
				);
				PRODUCT_BUNDLE_IDENTIFIER = com.objectiveswiftinc.rssUITests;
				PRODUCT_NAME = "$(TARGET_NAME)";
				SWIFT_VERSION = 5.0;
				TARGETED_DEVICE_FAMILY = "1,2";
				TEST_TARGET_NAME = rss;
			};
			name = Debug;
		};
		DCFC361A240334FC0009F28F /* Release */ = {
			isa = XCBuildConfiguration;
			buildSettings = {
				ALWAYS_EMBED_SWIFT_STANDARD_LIBRARIES = YES;
				CODE_SIGN_STYLE = Automatic;
				DEVELOPMENT_TEAM = 6TD9RZLV7L;
				INFOPLIST_FILE = rssUITests/Info.plist;
				LD_RUNPATH_SEARCH_PATHS = (
					"$(inherited)",
					"@executable_path/Frameworks",
					"@loader_path/Frameworks",
				);
				PRODUCT_BUNDLE_IDENTIFIER = com.objectiveswiftinc.rssUITests;
				PRODUCT_NAME = "$(TARGET_NAME)";
				SWIFT_VERSION = 5.0;
				TARGETED_DEVICE_FAMILY = "1,2";
				TEST_TARGET_NAME = rss;
			};
			name = Release;
		};
/* End XCBuildConfiguration section */

/* Begin XCConfigurationList section */
		DCFC35E3240334FA0009F28F /* Build configuration list for PBXProject "rss" */ = {
			isa = XCConfigurationList;
			buildConfigurations = (
				DCFC3610240334FC0009F28F /* Debug */,
				DCFC3611240334FC0009F28F /* Release */,
			);
			defaultConfigurationIsVisible = 0;
			defaultConfigurationName = Release;
		};
		DCFC3612240334FC0009F28F /* Build configuration list for PBXNativeTarget "rss" */ = {
			isa = XCConfigurationList;
			buildConfigurations = (
				DCFC3613240334FC0009F28F /* Debug */,
				DCFC3614240334FC0009F28F /* Release */,
			);
			defaultConfigurationIsVisible = 0;
			defaultConfigurationName = Release;
		};
		DCFC3615240334FC0009F28F /* Build configuration list for PBXNativeTarget "rssTests" */ = {
			isa = XCConfigurationList;
			buildConfigurations = (
				DCFC3616240334FC0009F28F /* Debug */,
				DCFC3617240334FC0009F28F /* Release */,
			);
			defaultConfigurationIsVisible = 0;
			defaultConfigurationName = Release;
		};
		DCFC3618240334FC0009F28F /* Build configuration list for PBXNativeTarget "rssUITests" */ = {
			isa = XCConfigurationList;
			buildConfigurations = (
				DCFC3619240334FC0009F28F /* Debug */,
				DCFC361A240334FC0009F28F /* Release */,
			);
			defaultConfigurationIsVisible = 0;
			defaultConfigurationName = Release;
		};
/* End XCConfigurationList section */
	};
	rootObject = DCFC35E0240334FA0009F28F /* Project object */;
}
